
Microsoft Visual Studio Solution File, Format Version 12.00
# Visual Studio Version 17
VisualStudioVersion = 17.8.34004.107
MinimumVisualStudioVersion = 10.0.40219.1
Project("{FAE04EC0-301F-11D3-BF4B-00C04F79EFBC}") = "RealEstate_Dapper_Api", "RealEstate_Dapper_Api\RealEstate_Dapper_Api.csproj", "{D47E6D51-B898-4AB7-8A9D-3628DEA507E3}"
EndProject
Project("{FAE04EC0-301F-11D3-BF4B-00C04F79EFBC}") = "RealEstate_Dapper_UI", "RealEstate_Dapper_UI\RealEstate_Dapper_UI.csproj", "{ABCDE3CA-651C-497D-B306-F12B44F0521C}"
EndProject
Global
	GlobalSection(SolutionConfigurationPlatforms) = preSolution
		Debug|Any CPU = Debug|Any CPU
		Release|Any CPU = Release|Any CPU
	EndGlobalSection
	GlobalSection(ProjectConfigurationPlatforms) = postSolution
		{D47E6D51-B898-4AB7-8A9D-3628DEA507E3}.Debug|Any CPU.ActiveCfg = Debug|Any CPU
		{D47E6D51-B898-4AB7-8A9D-3628DEA507E3}.Debug|Any CPU.Build.0 = Debug|Any CPU
		{D47E6D51-B898-4AB7-8A9D-3628DEA507E3}.Release|Any CPU.ActiveCfg = Release|Any CPU
		{D47E6D51-B898-4AB7-8A9D-3628DEA507E3}.Release|Any CPU.Build.0 = Release|Any CPU
		{ABCDE3CA-651C-497D-B306-F12B44F0521C}.Debug|Any CPU.ActiveCfg = Debug|Any CPU
		{ABCDE3CA-651C-497D-B306-F12B44F0521C}.Debug|Any CPU.Build.0 = Debug|Any CPU
		{ABCDE3CA-651C-497D-B306-F12B44F0521C}.Release|Any CPU.ActiveCfg = Release|Any CPU
		{ABCDE3CA-651C-497D-B306-F12B44F0521C}.Release|Any CPU.Build.0 = Release|Any CPU
	EndGlobalSection
	GlobalSection(SolutionProperties) = preSolution
		HideSolutionNode = FALSE
	EndGlobalSection
	GlobalSection(ExtensibilityGlobals) = postSolution
		SolutionGuid = {F969CE33-B61A-45E1-9A9E-F581768A9468}
	EndGlobalSection
EndGlobal
